{
  "version": 4,
  "terraform_version": "0.14.7",
  "serial": 3188,
  "lineage": "621a6830-e4cd-91ec-4033-291864fc3bdd",
  "outputs": {
    "base_url": {
      "value": "https://lbedr5sli7.execute-api.us-east-1.amazonaws.com/stage",
      "type": "string"
    }
  },
  "resources": [
    {
      "mode": "managed",
      "type": "aws_api_gateway_deployment",
      "name": "chat_deployment",
      "provider": "provider[\"registry.terraform.io/hashicorp/aws\"]",
      "instances": [
        {
          "schema_version": 0,
          "attributes": {
            "created_date": "2021-05-15T03:46:12Z",
            "description": "",
            "execution_arn": "arn:aws:execute-api:us-east-1:654246770704:lbedr5sli7/stage",
            "id": "dxwcgf",
            "invoke_url": "https://lbedr5sli7.execute-api.us-east-1.amazonaws.com/stage",
            "rest_api_id": "lbedr5sli7",
            "stage_description": null,
            "stage_name": "stage",
            "triggers": {
              "redeployment": "091dc05f2e5b64752873c8c9fea7284d109c65f0"
            },
            "variables": null
          },
          "sensitive_attributes": [],
          "private": "bnVsbA==",
          "dependencies": [
            "aws_api_gateway_rest_api.chat_gateway",
            "aws_iam_role.function_role",
            "module.get_message_summaries.aws_api_gateway_integration.gateway_integration",
            "module.get_message_summaries.aws_api_gateway_method.gateway_method",
            "module.get_message_summaries.aws_api_gateway_resource.gateway_resource",
            "module.get_message_summaries.aws_lambda_function.lambda_func",
            "module.get_message_summaries.aws_lambda_permission.gw_permission",
            "module.perform_request.aws_api_gateway_integration.gateway_integration",
            "module.perform_request.aws_api_gateway_method.gateway_method",
            "module.perform_request.aws_api_gateway_resource.gateway_resource",
            "module.perform_request.aws_lambda_function.lambda_func",
            "module.perform_request.aws_lambda_permission.gw_permission"
          ]
        }
      ]
    },
    {
      "mode": "managed",
      "type": "aws_api_gateway_rest_api",
      "name": "chat_gateway",
      "provider": "provider[\"registry.terraform.io/hashicorp/aws\"]",
      "instances": [
        {
          "schema_version": 0,
          "attributes": {
            "api_key_source": "HEADER",
            "arn": "arn:aws:apigateway:us-east-1::/restapis/lbedr5sli7",
            "binary_media_types": [],
            "body": null,
            "created_date": "2021-05-11T22:52:50Z",
            "description": "Chat Gateway",
            "disable_execute_api_endpoint": false,
            "endpoint_configuration": [
              {
                "types": [
                  "EDGE"
                ],
                "vpc_endpoint_ids": []
              }
            ],
            "execution_arn": "arn:aws:execute-api:us-east-1:654246770704:lbedr5sli7",
            "id": "lbedr5sli7",
            "minimum_compression_size": -1,
            "name": "chat_gateway",
            "parameters": null,
            "policy": "",
            "root_resource_id": "o3vea5588d",
            "tags": {}
          },
          "sensitive_attributes": [],
          "private": "bnVsbA=="
        }
      ]
    },
    {
      "mode": "managed",
      "type": "aws_dynamodb_table",
      "name": "message-dynamodb-table",
      "provider": "provider[\"registry.terraform.io/hashicorp/aws\"]",
      "instances": [
        {
          "schema_version": 1,
          "attributes": {
            "arn": "arn:aws:dynamodb:us-east-1:654246770704:table/Message",
            "attribute": [
              {
                "name": "messageCreatedAt",
                "type": "S"
              },
              {
                "name": "to",
                "type": "S"
              }
            ],
            "billing_mode": "PAY_PER_REQUEST",
            "global_secondary_index": [],
            "hash_key": "to",
            "id": "Message",
            "local_secondary_index": [],
            "name": "Message",
            "point_in_time_recovery": [
              {
                "enabled": false
              }
            ],
            "range_key": "messageCreatedAt",
            "read_capacity": 0,
            "replica": [],
            "server_side_encryption": [],
            "stream_arn": "",
            "stream_enabled": false,
            "stream_label": "",
            "stream_view_type": "",
            "tags": {},
            "timeouts": null,
            "ttl": [
              {
                "attribute_name": "",
                "enabled": false
              }
            ],
            "write_capacity": 0
          },
          "sensitive_attributes": [],
          "private": "eyJlMmJmYjczMC1lY2FhLTExZTYtOGY4OC0zNDM2M2JjN2M0YzAiOnsiY3JlYXRlIjoxMjAwMDAwMDAwMDAwLCJkZWxldGUiOjYwMDAwMDAwMDAwMCwidXBkYXRlIjozNjAwMDAwMDAwMDAwfSwic2NoZW1hX3ZlcnNpb24iOiIxIn0="
        }
      ]
    },
    {
      "mode": "managed",
      "type": "aws_dynamodb_table",
      "name": "user-dynamodb-table",
      "provider": "provider[\"registry.terraform.io/hashicorp/aws\"]",
      "instances": [
        {
          "schema_version": 1,
          "attributes": {
            "arn": "arn:aws:dynamodb:us-east-1:654246770704:table/User",
            "attribute": [
              {
                "name": "userId",
                "type": "S"
              }
            ],
            "billing_mode": "PAY_PER_REQUEST",
            "global_secondary_index": [],
            "hash_key": "userId",
            "id": "User",
            "local_secondary_index": [],
            "name": "User",
            "point_in_time_recovery": [
              {
                "enabled": false
              }
            ],
            "range_key": null,
            "read_capacity": 0,
            "replica": [],
            "server_side_encryption": [],
            "stream_arn": "",
            "stream_enabled": false,
            "stream_label": "",
            "stream_view_type": "",
            "tags": {},
            "timeouts": null,
            "ttl": [
              {
                "attribute_name": "",
                "enabled": false
              }
            ],
            "write_capacity": 0
          },
          "sensitive_attributes": [],
          "private": "eyJlMmJmYjczMC1lY2FhLTExZTYtOGY4OC0zNDM2M2JjN2M0YzAiOnsiY3JlYXRlIjoxMjAwMDAwMDAwMDAwLCJkZWxldGUiOjYwMDAwMDAwMDAwMCwidXBkYXRlIjozNjAwMDAwMDAwMDAwfSwic2NoZW1hX3ZlcnNpb24iOiIxIn0="
        }
      ]
    },
    {
      "mode": "managed",
      "type": "aws_iam_policy",
      "name": "function_policy",
      "provider": "provider[\"registry.terraform.io/hashicorp/aws\"]",
      "instances": [
        {
          "schema_version": 0,
          "attributes": {
            "arn": "arn:aws:iam::654246770704:policy/s3_bucket_policy",
            "description": "s3 bucket policy",
            "id": "arn:aws:iam::654246770704:policy/s3_bucket_policy",
            "name": "s3_bucket_policy",
            "name_prefix": null,
            "path": "/",
            "policy": "{\"Statement\":[{\"Action\":[\"s3:ListBucket\"],\"Effect\":\"Allow\",\"Resource\":[\"arn:aws:s3:::encrypted-file-bucket-z00001\"]},{\"Action\":[\"s3:PutObject\",\"s3:GetObject\",\"s3:DeleteObject\"],\"Effect\":\"Allow\",\"Resource\":[\"arn:aws:s3:::encrypted-file-bucket-z00001/*\"]},{\"Action\":[\"logs:CreateLogGroup\",\"logs:CreateLogStream\",\"logs:PutLogEvents\"],\"Effect\":\"Allow\",\"Resource\":[\"arn:aws:logs:*:*:*\"]},{\"Action\":[\"dynamodb:GetItem\",\"dynamodb:UpdateItem\",\"dynamodb:PutItem\",\"dynamodb:DeleteItem\",\"dynamodb:Query\"],\"Effect\":\"Allow\",\"Resource\":[\"arn:aws:dynamodb:us-east-1:654246770704:table/User\",\"arn:aws:dynamodb:us-east-1:654246770704:table/Message\"],\"Sid\":\"ReadWriteTable\"}],\"Version\":\"2012-10-17\"}",
            "policy_id": "ANPAZQVBFPAIKFFT74AUC",
            "tags": {}
          },
          "sensitive_attributes": [],
          "private": "bnVsbA==",
          "dependencies": [
            "aws_dynamodb_table.message-dynamodb-table",
            "aws_dynamodb_table.user-dynamodb-table",
            "aws_s3_bucket.bucket"
          ]
        }
      ]
    },
    {
      "mode": "managed",
      "type": "aws_iam_role",
      "name": "function_role",
      "provider": "provider[\"registry.terraform.io/hashicorp/aws\"]",
      "instances": [
        {
          "schema_version": 0,
          "attributes": {
            "arn": "arn:aws:iam::654246770704:role/function_role",
            "assume_role_policy": "{\"Version\":\"2012-10-17\",\"Statement\":[{\"Sid\":\"\",\"Effect\":\"Allow\",\"Principal\":{\"Service\":\"s3.amazonaws.com\"},\"Action\":\"sts:AssumeRole\"},{\"Sid\":\"\",\"Effect\":\"Allow\",\"Principal\":{\"Service\":\"lambda.amazonaws.com\"},\"Action\":\"sts:AssumeRole\"},{\"Sid\":\"\",\"Effect\":\"Allow\",\"Principal\":{\"Service\":\"dynamodb.amazonaws.com\"},\"Action\":\"sts:AssumeRole\"}]}",
            "create_date": "2021-05-11T22:52:49Z",
            "description": "",
            "force_detach_policies": false,
            "id": "function_role",
            "inline_policy": [
              {
                "name": "",
                "policy": ""
              }
            ],
            "managed_policy_arns": [
              "arn:aws:iam::654246770704:policy/s3_bucket_policy"
            ],
            "max_session_duration": 3600,
            "name": "function_role",
            "name_prefix": null,
            "path": "/",
            "permissions_boundary": null,
            "tags": {},
            "unique_id": "AROAZQVBFPAILXOHC3JYM"
          },
          "sensitive_attributes": [],
          "private": "bnVsbA=="
        }
      ]
    },
    {
      "mode": "managed",
      "type": "aws_iam_role_policy_attachment",
      "name": "function-attach",
      "provider": "provider[\"registry.terraform.io/hashicorp/aws\"]",
      "instances": [
        {
          "schema_version": 0,
          "attributes": {
            "id": "function_role-20210511225301471500000001",
            "policy_arn": "arn:aws:iam::654246770704:policy/s3_bucket_policy",
            "role": "function_role"
          },
          "sensitive_attributes": [],
          "private": "bnVsbA==",
          "dependencies": [
            "aws_dynamodb_table.message-dynamodb-table",
            "aws_dynamodb_table.user-dynamodb-table",
            "aws_iam_policy.function_policy",
            "aws_iam_role.function_role",
            "aws_s3_bucket.bucket"
          ]
        }
      ]
    },
    {
      "mode": "managed",
      "type": "aws_s3_bucket",
      "name": "bucket",
      "provider": "provider[\"registry.terraform.io/hashicorp/aws\"]",
      "instances": [
        {
          "schema_version": 0,
          "attributes": {
            "acceleration_status": "",
            "acl": "private",
            "arn": "arn:aws:s3:::encrypted-file-bucket-z00001",
            "bucket": "encrypted-file-bucket-z00001",
            "bucket_domain_name": "encrypted-file-bucket-z00001.s3.amazonaws.com",
            "bucket_prefix": null,
            "bucket_regional_domain_name": "encrypted-file-bucket-z00001.s3.amazonaws.com",
            "cors_rule": [],
            "force_destroy": false,
            "grant": [],
            "hosted_zone_id": "Z3AQBSTGFYJSTF",
            "id": "encrypted-file-bucket-z00001",
            "lifecycle_rule": [],
            "logging": [],
            "object_lock_configuration": [],
            "policy": null,
            "region": "us-east-1",
            "replication_configuration": [],
            "request_payer": "BucketOwner",
            "server_side_encryption_configuration": [],
            "tags": {
              "Environment": "Dev",
              "Name": "Encrypted file bucket"
            },
            "versioning": [
              {
                "enabled": false,
                "mfa_delete": false
              }
            ],
            "website": [],
            "website_domain": null,
            "website_endpoint": null
          },
          "sensitive_attributes": []
        }
      ]
    },
    {
      "module": "module.get_message_summaries",
      "mode": "managed",
      "type": "aws_api_gateway_integration",
      "name": "gateway_integration",
      "provider": "provider[\"registry.terraform.io/hashicorp/aws\"]",
      "instances": [
        {
          "schema_version": 0,
          "attributes": {
            "cache_key_parameters": [],
            "cache_namespace": "pzxfhl",
            "connection_id": "",
            "connection_type": "INTERNET",
            "content_handling": "CONVERT_TO_TEXT",
            "credentials": "",
            "http_method": "GET",
            "id": "agi-lbedr5sli7-pzxfhl-GET",
            "integration_http_method": "POST",
            "passthrough_behavior": "WHEN_NO_MATCH",
            "request_parameters": {},
            "request_templates": {},
            "resource_id": "pzxfhl",
            "rest_api_id": "lbedr5sli7",
            "timeout_milliseconds": 29000,
            "tls_config": [],
            "type": "AWS_PROXY",
            "uri": "arn:aws:apigateway:us-east-1:lambda:path/2015-03-31/functions/arn:aws:lambda:us-east-1:654246770704:function:GetMessageSummaries/invocations"
          },
          "sensitive_attributes": [],
          "private": "bnVsbA==",
          "dependencies": [
            "aws_api_gateway_rest_api.chat_gateway",
            "aws_iam_role.function_role",
            "module.get_message_summaries.aws_api_gateway_method.gateway_method",
            "module.get_message_summaries.aws_api_gateway_resource.gateway_resource",
            "module.get_message_summaries.aws_lambda_function.lambda_func"
          ]
        }
      ]
    },
    {
      "module": "module.get_message_summaries",
      "mode": "managed",
      "type": "aws_api_gateway_method",
      "name": "gateway_method",
      "provider": "provider[\"registry.terraform.io/hashicorp/aws\"]",
      "instances": [
        {
          "schema_version": 0,
          "attributes": {
            "api_key_required": false,
            "authorization": "NONE",
            "authorization_scopes": [],
            "authorizer_id": "",
            "http_method": "GET",
            "id": "agm-lbedr5sli7-pzxfhl-GET",
            "operation_name": "",
            "request_models": {},
            "request_parameters": {},
            "request_validator_id": "",
            "resource_id": "pzxfhl",
            "rest_api_id": "lbedr5sli7"
          },
          "sensitive_attributes": [],
          "private": "bnVsbA==",
          "dependencies": [
            "aws_api_gateway_rest_api.chat_gateway",
            "module.get_message_summaries.aws_api_gateway_resource.gateway_resource"
          ]
        }
      ]
    },
    {
      "module": "module.get_message_summaries",
      "mode": "managed",
      "type": "aws_api_gateway_resource",
      "name": "gateway_resource",
      "provider": "provider[\"registry.terraform.io/hashicorp/aws\"]",
      "instances": [
        {
          "schema_version": 0,
          "attributes": {
            "id": "pzxfhl",
            "parent_id": "o3vea5588d",
            "path": "/GetMessageSummaries",
            "path_part": "GetMessageSummaries",
            "rest_api_id": "lbedr5sli7"
          },
          "sensitive_attributes": [],
          "private": "bnVsbA==",
          "dependencies": [
            "aws_api_gateway_rest_api.chat_gateway"
          ]
        }
      ]
    },
    {
      "module": "module.get_message_summaries",
      "mode": "managed",
      "type": "aws_lambda_function",
      "name": "lambda_func",
      "provider": "provider[\"registry.terraform.io/hashicorp/aws\"]",
      "instances": [
        {
          "schema_version": 0,
          "attributes": {
            "arn": "arn:aws:lambda:us-east-1:654246770704:function:GetMessageSummaries",
            "code_signing_config_arn": "",
            "dead_letter_config": [],
            "description": "GetMessageSummaries",
            "environment": [],
            "file_system_config": [],
            "filename": "../Functions/build/distributions/Functions-1.0-SNAPSHOT.zip",
            "function_name": "GetMessageSummaries",
            "handler": "me.jameshunt.dhiffiechat.GetMessageSummaries::handleRequest",
            "id": "GetMessageSummaries",
            "image_config": [],
            "image_uri": "",
            "invoke_arn": "arn:aws:apigateway:us-east-1:lambda:path/2015-03-31/functions/arn:aws:lambda:us-east-1:654246770704:function:GetMessageSummaries/invocations",
            "kms_key_arn": "",
            "last_modified": "2021-05-15T03:46:03.588+0000",
            "layers": [],
            "memory_size": 1024,
            "package_type": "Zip",
            "publish": false,
            "qualified_arn": "arn:aws:lambda:us-east-1:654246770704:function:GetMessageSummaries:$LATEST",
            "reserved_concurrent_executions": -1,
            "role": "arn:aws:iam::654246770704:role/function_role",
            "runtime": "java8",
            "s3_bucket": null,
            "s3_key": null,
            "s3_object_version": null,
            "signing_job_arn": "",
            "signing_profile_version_arn": "",
            "source_code_hash": "XjyGqtwkiB9WI5u53MTJB/PV8Jd5fBhMYk39vSWSBfM=",
            "source_code_size": 11849175,
            "tags": {},
            "timeout": 30,
            "timeouts": null,
            "tracing_config": [
              {
                "mode": "PassThrough"
              }
            ],
            "version": "$LATEST",
            "vpc_config": []
          },
          "sensitive_attributes": [],
          "private": "eyJlMmJmYjczMC1lY2FhLTExZTYtOGY4OC0zNDM2M2JjN2M0YzAiOnsiY3JlYXRlIjo2MDAwMDAwMDAwMDB9fQ==",
          "dependencies": [
            "aws_iam_role.function_role"
          ]
        }
      ]
    },
    {
      "module": "module.get_message_summaries",
      "mode": "managed",
      "type": "aws_lambda_permission",
      "name": "gw_permission",
      "provider": "provider[\"registry.terraform.io/hashicorp/aws\"]",
      "instances": [
        {
          "schema_version": 0,
          "attributes": {
            "action": "lambda:InvokeFunction",
            "event_source_token": null,
            "function_name": "GetMessageSummaries",
            "id": "AllowAPIGatewayInvoke",
            "principal": "apigateway.amazonaws.com",
            "qualifier": "",
            "source_account": null,
            "source_arn": "arn:aws:execute-api:us-east-1:654246770704:lbedr5sli7/*/*",
            "statement_id": "AllowAPIGatewayInvoke",
            "statement_id_prefix": null
          },
          "sensitive_attributes": [],
          "private": "bnVsbA==",
          "dependencies": [
            "aws_api_gateway_rest_api.chat_gateway",
            "aws_iam_role.function_role",
            "module.get_message_summaries.aws_lambda_function.lambda_func"
          ]
        }
      ]
    },
    {
      "module": "module.get_user_public_key",
      "mode": "managed",
      "type": "aws_api_gateway_integration",
      "name": "gateway_integration",
      "provider": "provider[\"registry.terraform.io/hashicorp/aws\"]",
      "instances": [
        {
          "schema_version": 0,
          "attributes": {
            "cache_key_parameters": [],
            "cache_namespace": "veef4d",
            "connection_id": "",
            "connection_type": "INTERNET",
            "content_handling": "CONVERT_TO_TEXT",
            "credentials": "",
            "http_method": "GET",
            "id": "agi-lbedr5sli7-veef4d-GET",
            "integration_http_method": "POST",
            "passthrough_behavior": "WHEN_NO_MATCH",
            "request_parameters": {},
            "request_templates": {},
            "resource_id": "veef4d",
            "rest_api_id": "lbedr5sli7",
            "timeout_milliseconds": 29000,
            "tls_config": [],
            "type": "AWS_PROXY",
            "uri": "arn:aws:apigateway:us-east-1:lambda:path/2015-03-31/functions/arn:aws:lambda:us-east-1:654246770704:function:GetUserPublicKey/invocations"
          },
          "sensitive_attributes": [],
          "private": "bnVsbA==",
          "dependencies": [
            "aws_api_gateway_rest_api.chat_gateway",
            "aws_iam_role.function_role",
            "module.get_user_public_key.aws_api_gateway_method.gateway_method",
            "module.get_user_public_key.aws_api_gateway_resource.gateway_resource",
            "module.get_user_public_key.aws_lambda_function.lambda_func"
          ]
        }
      ]
    },
    {
      "module": "module.get_user_public_key",
      "mode": "managed",
      "type": "aws_api_gateway_method",
      "name": "gateway_method",
      "provider": "provider[\"registry.terraform.io/hashicorp/aws\"]",
      "instances": [
        {
          "schema_version": 0,
          "attributes": {
            "api_key_required": false,
            "authorization": "NONE",
            "authorization_scopes": [],
            "authorizer_id": "",
            "http_method": "GET",
            "id": "agm-lbedr5sli7-veef4d-GET",
            "operation_name": "",
            "request_models": {},
            "request_parameters": {},
            "request_validator_id": "",
            "resource_id": "veef4d",
            "rest_api_id": "lbedr5sli7"
          },
          "sensitive_attributes": [],
          "private": "bnVsbA==",
          "dependencies": [
            "aws_api_gateway_rest_api.chat_gateway",
            "module.get_user_public_key.aws_api_gateway_resource.gateway_resource"
          ]
        }
      ]
    },
    {
      "module": "module.get_user_public_key",
      "mode": "managed",
      "type": "aws_api_gateway_resource",
      "name": "gateway_resource",
      "provider": "provider[\"registry.terraform.io/hashicorp/aws\"]",
      "instances": [
        {
          "schema_version": 0,
          "attributes": {
            "id": "veef4d",
            "parent_id": "o3vea5588d",
            "path": "/GetUserPublicKey",
            "path_part": "GetUserPublicKey",
            "rest_api_id": "lbedr5sli7"
          },
          "sensitive_attributes": [],
          "private": "bnVsbA==",
          "dependencies": [
            "aws_api_gateway_rest_api.chat_gateway"
          ]
        }
      ]
    },
    {
      "module": "module.get_user_public_key",
      "mode": "managed",
      "type": "aws_lambda_function",
      "name": "lambda_func",
      "provider": "provider[\"registry.terraform.io/hashicorp/aws\"]",
      "instances": [
        {
          "schema_version": 0,
          "attributes": {
            "arn": "arn:aws:lambda:us-east-1:654246770704:function:GetUserPublicKey",
            "code_signing_config_arn": "",
            "dead_letter_config": [],
            "description": "GetUserPublicKey",
            "environment": [],
            "file_system_config": [],
            "filename": "../Functions/build/distributions/Functions-1.0-SNAPSHOT.zip",
            "function_name": "GetUserPublicKey",
            "handler": "me.jameshunt.dhiffiechat.GetUserPublicKey::handleRequest",
            "id": "GetUserPublicKey",
            "image_config": [],
            "image_uri": "",
            "invoke_arn": "arn:aws:apigateway:us-east-1:lambda:path/2015-03-31/functions/arn:aws:lambda:us-east-1:654246770704:function:GetUserPublicKey/invocations",
            "kms_key_arn": "",
            "last_modified": "2021-05-15T03:45:55.851+0000",
            "layers": [],
            "memory_size": 1024,
            "package_type": "Zip",
            "publish": false,
            "qualified_arn": "arn:aws:lambda:us-east-1:654246770704:function:GetUserPublicKey:$LATEST",
            "reserved_concurrent_executions": -1,
            "role": "arn:aws:iam::654246770704:role/function_role",
            "runtime": "java8",
            "s3_bucket": null,
            "s3_key": null,
            "s3_object_version": null,
            "signing_job_arn": "",
            "signing_profile_version_arn": "",
            "source_code_hash": "XjyGqtwkiB9WI5u53MTJB/PV8Jd5fBhMYk39vSWSBfM=",
            "source_code_size": 11849175,
            "tags": {},
            "timeout": 30,
            "timeouts": null,
            "tracing_config": [
              {
                "mode": "PassThrough"
              }
            ],
            "version": "$LATEST",
            "vpc_config": []
          },
          "sensitive_attributes": [],
          "private": "eyJlMmJmYjczMC1lY2FhLTExZTYtOGY4OC0zNDM2M2JjN2M0YzAiOnsiY3JlYXRlIjo2MDAwMDAwMDAwMDB9fQ==",
          "dependencies": [
            "aws_iam_role.function_role"
          ]
        }
      ]
    },
    {
      "module": "module.get_user_public_key",
      "mode": "managed",
      "type": "aws_lambda_permission",
      "name": "gw_permission",
      "provider": "provider[\"registry.terraform.io/hashicorp/aws\"]",
      "instances": [
        {
          "schema_version": 0,
          "attributes": {
            "action": "lambda:InvokeFunction",
            "event_source_token": null,
            "function_name": "GetUserPublicKey",
            "id": "AllowAPIGatewayInvoke",
            "principal": "apigateway.amazonaws.com",
            "qualifier": "",
            "source_account": null,
            "source_arn": "arn:aws:execute-api:us-east-1:654246770704:lbedr5sli7/*/*",
            "statement_id": "AllowAPIGatewayInvoke",
            "statement_id_prefix": null
          },
          "sensitive_attributes": [],
          "private": "bnVsbA==",
          "dependencies": [
            "aws_api_gateway_rest_api.chat_gateway",
            "aws_iam_role.function_role",
            "module.get_user_public_key.aws_lambda_function.lambda_func"
          ]
        }
      ]
    },
    {
      "module": "module.perform_request",
      "mode": "managed",
      "type": "aws_api_gateway_integration",
      "name": "gateway_integration",
      "provider": "provider[\"registry.terraform.io/hashicorp/aws\"]",
      "instances": [
        {
          "schema_version": 0,
          "attributes": {
            "cache_key_parameters": [],
            "cache_namespace": "m8p1hq",
            "connection_id": "",
            "connection_type": "INTERNET",
            "content_handling": "CONVERT_TO_TEXT",
            "credentials": "",
            "http_method": "POST",
            "id": "agi-lbedr5sli7-m8p1hq-POST",
            "integration_http_method": "POST",
            "passthrough_behavior": "WHEN_NO_MATCH",
            "request_parameters": {},
            "request_templates": {},
            "resource_id": "m8p1hq",
            "rest_api_id": "lbedr5sli7",
            "timeout_milliseconds": 29000,
            "tls_config": [],
            "type": "AWS_PROXY",
            "uri": "arn:aws:apigateway:us-east-1:lambda:path/2015-03-31/functions/arn:aws:lambda:us-east-1:654246770704:function:PerformRequest/invocations"
          },
          "sensitive_attributes": [],
          "private": "bnVsbA==",
          "dependencies": [
            "aws_api_gateway_rest_api.chat_gateway",
            "aws_iam_role.function_role",
            "module.perform_request.aws_api_gateway_method.gateway_method",
            "module.perform_request.aws_api_gateway_resource.gateway_resource",
            "module.perform_request.aws_lambda_function.lambda_func"
          ]
        }
      ]
    },
    {
      "module": "module.perform_request",
      "mode": "managed",
      "type": "aws_api_gateway_method",
      "name": "gateway_method",
      "provider": "provider[\"registry.terraform.io/hashicorp/aws\"]",
      "instances": [
        {
          "schema_version": 0,
          "attributes": {
            "api_key_required": false,
            "authorization": "NONE",
            "authorization_scopes": [],
            "authorizer_id": "",
            "http_method": "POST",
            "id": "agm-lbedr5sli7-m8p1hq-POST",
            "operation_name": "",
            "request_models": {},
            "request_parameters": {},
            "request_validator_id": "",
            "resource_id": "m8p1hq",
            "rest_api_id": "lbedr5sli7"
          },
          "sensitive_attributes": [],
          "private": "bnVsbA==",
          "dependencies": [
            "aws_api_gateway_rest_api.chat_gateway",
            "module.perform_request.aws_api_gateway_resource.gateway_resource"
          ]
        }
      ]
    },
    {
      "module": "module.perform_request",
      "mode": "managed",
      "type": "aws_api_gateway_resource",
      "name": "gateway_resource",
      "provider": "provider[\"registry.terraform.io/hashicorp/aws\"]",
      "instances": [
        {
          "schema_version": 0,
          "attributes": {
            "id": "m8p1hq",
            "parent_id": "o3vea5588d",
            "path": "/PerformRequest",
            "path_part": "PerformRequest",
            "rest_api_id": "lbedr5sli7"
          },
          "sensitive_attributes": [],
          "private": "bnVsbA==",
          "dependencies": [
            "aws_api_gateway_rest_api.chat_gateway"
          ]
        }
      ]
    },
    {
      "module": "module.perform_request",
      "mode": "managed",
      "type": "aws_lambda_function",
      "name": "lambda_func",
      "provider": "provider[\"registry.terraform.io/hashicorp/aws\"]",
      "instances": [
        {
          "schema_version": 0,
          "attributes": {
            "arn": "arn:aws:lambda:us-east-1:654246770704:function:PerformRequest",
            "code_signing_config_arn": "",
            "dead_letter_config": [],
            "description": "PerformRequest",
            "environment": [],
            "file_system_config": [],
            "filename": "../Functions/build/distributions/Functions-1.0-SNAPSHOT.zip",
            "function_name": "PerformRequest",
            "handler": "me.jameshunt.dhiffiechat.PerformRequest::handleRequest",
            "id": "PerformRequest",
            "image_config": [],
            "image_uri": "",
            "invoke_arn": "arn:aws:apigateway:us-east-1:lambda:path/2015-03-31/functions/arn:aws:lambda:us-east-1:654246770704:function:PerformRequest/invocations",
            "kms_key_arn": "",
            "last_modified": "2021-05-15T03:46:11.171+0000",
            "layers": [],
            "memory_size": 1024,
            "package_type": "Zip",
            "publish": false,
            "qualified_arn": "arn:aws:lambda:us-east-1:654246770704:function:PerformRequest:$LATEST",
            "reserved_concurrent_executions": -1,
            "role": "arn:aws:iam::654246770704:role/function_role",
            "runtime": "java8",
            "s3_bucket": null,
            "s3_key": null,
            "s3_object_version": null,
            "signing_job_arn": "",
            "signing_profile_version_arn": "",
            "source_code_hash": "XjyGqtwkiB9WI5u53MTJB/PV8Jd5fBhMYk39vSWSBfM=",
            "source_code_size": 11849175,
            "tags": {},
            "timeout": 30,
            "timeouts": null,
            "tracing_config": [
              {
                "mode": "PassThrough"
              }
            ],
            "version": "$LATEST",
            "vpc_config": []
          },
          "sensitive_attributes": [],
          "private": "eyJlMmJmYjczMC1lY2FhLTExZTYtOGY4OC0zNDM2M2JjN2M0YzAiOnsiY3JlYXRlIjo2MDAwMDAwMDAwMDB9fQ==",
          "dependencies": [
            "aws_iam_role.function_role"
          ]
        }
      ]
    },
    {
      "module": "module.perform_request",
      "mode": "managed",
      "type": "aws_lambda_permission",
      "name": "gw_permission",
      "provider": "provider[\"registry.terraform.io/hashicorp/aws\"]",
      "instances": [
        {
          "schema_version": 0,
          "attributes": {
            "action": "lambda:InvokeFunction",
            "event_source_token": null,
            "function_name": "PerformRequest",
            "id": "AllowAPIGatewayInvoke",
            "principal": "apigateway.amazonaws.com",
            "qualifier": "",
            "source_account": null,
            "source_arn": "arn:aws:execute-api:us-east-1:654246770704:lbedr5sli7/*/*",
            "statement_id": "AllowAPIGatewayInvoke",
            "statement_id_prefix": null
          },
          "sensitive_attributes": [],
          "private": "bnVsbA==",
          "dependencies": [
            "aws_api_gateway_rest_api.chat_gateway",
            "aws_iam_role.function_role",
            "module.perform_request.aws_lambda_function.lambda_func"
          ]
        }
      ]
    }
  ]
}
