{
  "version": 4,
  "terraform_version": "0.14.7",
  "serial": 2288,
  "lineage": "621a6830-e4cd-91ec-4033-291864fc3bdd",
  "outputs": {
    "base_url": {
      "value": "https://au0c229cyc.execute-api.us-east-1.amazonaws.com/stage",
      "type": "string"
    }
  },
  "resources": [
    {
      "mode": "managed",
      "type": "aws_api_gateway_deployment",
      "name": "chat_deployment",
      "provider": "provider[\"registry.terraform.io/hashicorp/aws\"]",
      "instances": [
        {
          "schema_version": 0,
          "attributes": {
            "created_date": "2021-04-29T22:10:00Z",
            "description": "",
            "execution_arn": "arn:aws:execute-api:us-east-1:654246770704:au0c229cyc/stage",
            "id": "jyan3g",
            "invoke_url": "https://au0c229cyc.execute-api.us-east-1.amazonaws.com/stage",
            "rest_api_id": "au0c229cyc",
            "stage_description": null,
            "stage_name": "stage",
            "triggers": {
              "redeployment": "5b6b815ed969339c125a26e22e00fe76410c1f9f"
            },
            "variables": null
          },
          "sensitive_attributes": [],
          "private": "bnVsbA==",
          "dependencies": [
            "aws_api_gateway_rest_api.chat_gateway",
            "aws_iam_role.function_role",
            "module.create_identity.aws_api_gateway_integration.gateway_integration",
            "module.create_identity.aws_api_gateway_method.gateway_method",
            "module.create_identity.aws_api_gateway_resource.gateway_resource",
            "module.create_identity.aws_lambda_function.lambda_func",
            "module.create_identity.aws_lambda_permission.gw_permission",
            "module.get_file.aws_api_gateway_integration.gateway_integration",
            "module.get_file.aws_api_gateway_method.gateway_method",
            "module.get_file.aws_api_gateway_resource.gateway_resource",
            "module.get_file.aws_lambda_function.lambda_func",
            "module.get_file.aws_lambda_permission.gw_permission",
            "module.get_messages.aws_api_gateway_integration.gateway_integration",
            "module.get_messages.aws_api_gateway_method.gateway_method",
            "module.get_messages.aws_api_gateway_resource.gateway_resource",
            "module.get_messages.aws_lambda_function.lambda_func",
            "module.get_messages.aws_lambda_permission.gw_permission",
            "module.get_user_public_key.aws_api_gateway_integration.gateway_integration",
            "module.get_user_public_key.aws_api_gateway_method.gateway_method",
            "module.get_user_public_key.aws_api_gateway_resource.gateway_resource",
            "module.get_user_public_key.aws_lambda_function.lambda_func",
            "module.get_user_public_key.aws_lambda_permission.gw_permission",
            "module.get_user_relationships.aws_api_gateway_integration.gateway_integration",
            "module.get_user_relationships.aws_api_gateway_method.gateway_method",
            "module.get_user_relationships.aws_api_gateway_resource.gateway_resource",
            "module.get_user_relationships.aws_lambda_function.lambda_func",
            "module.get_user_relationships.aws_lambda_permission.gw_permission",
            "module.scan_qr.aws_api_gateway_integration.gateway_integration",
            "module.scan_qr.aws_api_gateway_method.gateway_method",
            "module.scan_qr.aws_api_gateway_resource.gateway_resource",
            "module.scan_qr.aws_lambda_function.lambda_func",
            "module.scan_qr.aws_lambda_permission.gw_permission",
            "module.send_file.aws_api_gateway_integration.gateway_integration",
            "module.send_file.aws_api_gateway_method.gateway_method",
            "module.send_file.aws_api_gateway_resource.gateway_resource",
            "module.send_file.aws_lambda_function.lambda_func",
            "module.send_file.aws_lambda_permission.gw_permission"
          ]
        }
      ]
    },
    {
      "mode": "managed",
      "type": "aws_api_gateway_rest_api",
      "name": "chat_gateway",
      "provider": "provider[\"registry.terraform.io/hashicorp/aws\"]",
      "instances": [
        {
          "schema_version": 0,
          "attributes": {
            "api_key_source": "HEADER",
            "arn": "arn:aws:apigateway:us-east-1::/restapis/au0c229cyc",
            "binary_media_types": [],
            "body": null,
            "created_date": "2021-04-29T22:08:18Z",
            "description": "Chat Gateway",
            "disable_execute_api_endpoint": false,
            "endpoint_configuration": [
              {
                "types": [
                  "EDGE"
                ],
                "vpc_endpoint_ids": []
              }
            ],
            "execution_arn": "arn:aws:execute-api:us-east-1:654246770704:au0c229cyc",
            "id": "au0c229cyc",
            "minimum_compression_size": -1,
            "name": "chat_gateway",
            "parameters": null,
            "policy": "",
            "root_resource_id": "piczhzrc94",
            "tags": null
          },
          "sensitive_attributes": [],
          "private": "bnVsbA=="
        }
      ]
    },
    {
      "mode": "managed",
      "type": "aws_dynamodb_table",
      "name": "chat-dynamodb-table",
      "provider": "provider[\"registry.terraform.io/hashicorp/aws\"]",
      "instances": [
        {
          "schema_version": 1,
          "attributes": {
            "arn": "arn:aws:dynamodb:us-east-1:654246770704:table/Chat",
            "attribute": [
              {
                "name": "chatId",
                "type": "S"
              },
              {
                "name": "messageCreatedAt",
                "type": "S"
              }
            ],
            "billing_mode": "PAY_PER_REQUEST",
            "global_secondary_index": [],
            "hash_key": "chatId",
            "id": "Chat",
            "local_secondary_index": [],
            "name": "Chat",
            "point_in_time_recovery": [
              {
                "enabled": false
              }
            ],
            "range_key": "messageCreatedAt",
            "read_capacity": 0,
            "replica": [],
            "server_side_encryption": [],
            "stream_arn": "",
            "stream_enabled": false,
            "stream_label": "",
            "stream_view_type": "",
            "tags": null,
            "timeouts": null,
            "ttl": [
              {
                "attribute_name": "",
                "enabled": false
              }
            ],
            "write_capacity": 0
          },
          "sensitive_attributes": [],
          "private": "eyJlMmJmYjczMC1lY2FhLTExZTYtOGY4OC0zNDM2M2JjN2M0YzAiOnsiY3JlYXRlIjoxMjAwMDAwMDAwMDAwLCJkZWxldGUiOjYwMDAwMDAwMDAwMCwidXBkYXRlIjozNjAwMDAwMDAwMDAwfSwic2NoZW1hX3ZlcnNpb24iOiIxIn0="
        }
      ]
    },
    {
      "mode": "managed",
      "type": "aws_dynamodb_table",
      "name": "user-dynamodb-table",
      "provider": "provider[\"registry.terraform.io/hashicorp/aws\"]",
      "instances": [
        {
          "schema_version": 1,
          "attributes": {
            "arn": "arn:aws:dynamodb:us-east-1:654246770704:table/User",
            "attribute": [
              {
                "name": "userId",
                "type": "S"
              }
            ],
            "billing_mode": "PAY_PER_REQUEST",
            "global_secondary_index": [],
            "hash_key": "userId",
            "id": "User",
            "local_secondary_index": [],
            "name": "User",
            "point_in_time_recovery": [
              {
                "enabled": false
              }
            ],
            "range_key": null,
            "read_capacity": 0,
            "replica": [],
            "server_side_encryption": [],
            "stream_arn": "",
            "stream_enabled": false,
            "stream_label": "",
            "stream_view_type": "",
            "tags": null,
            "timeouts": null,
            "ttl": [
              {
                "attribute_name": "",
                "enabled": false
              }
            ],
            "write_capacity": 0
          },
          "sensitive_attributes": [],
          "private": "eyJlMmJmYjczMC1lY2FhLTExZTYtOGY4OC0zNDM2M2JjN2M0YzAiOnsiY3JlYXRlIjoxMjAwMDAwMDAwMDAwLCJkZWxldGUiOjYwMDAwMDAwMDAwMCwidXBkYXRlIjozNjAwMDAwMDAwMDAwfSwic2NoZW1hX3ZlcnNpb24iOiIxIn0="
        }
      ]
    },
    {
      "mode": "managed",
      "type": "aws_iam_policy",
      "name": "function_policy",
      "provider": "provider[\"registry.terraform.io/hashicorp/aws\"]",
      "instances": [
        {
          "schema_version": 0,
          "attributes": {
            "arn": "arn:aws:iam::654246770704:policy/s3_bucket_policy",
            "description": "s3 bucket policy",
            "id": "arn:aws:iam::654246770704:policy/s3_bucket_policy",
            "name": "s3_bucket_policy",
            "name_prefix": null,
            "path": "/",
            "policy": "{\"Statement\":[{\"Action\":[\"s3:ListBucket\"],\"Effect\":\"Allow\",\"Resource\":[\"arn:aws:s3:::encrypted-file-bucket-z00001\"]},{\"Action\":[\"s3:PutObject\",\"s3:GetObject\",\"s3:DeleteObject\"],\"Effect\":\"Allow\",\"Resource\":[\"arn:aws:s3:::encrypted-file-bucket-z00001/*\"]},{\"Action\":[\"logs:CreateLogGroup\",\"logs:CreateLogStream\",\"logs:PutLogEvents\"],\"Effect\":\"Allow\",\"Resource\":[\"arn:aws:logs:*:*:*\"]},{\"Action\":[\"dynamodb:GetItem\",\"dynamodb:UpdateItem\",\"dynamodb:PutItem\",\"dynamodb:DeleteItem\",\"dynamodb:Query\"],\"Effect\":\"Allow\",\"Resource\":[\"arn:aws:dynamodb:us-east-1:654246770704:table/User\",\"arn:aws:dynamodb:us-east-1:654246770704:table/Chat\"],\"Sid\":\"ReadWriteTable\"}],\"Version\":\"2012-10-17\"}",
            "policy_id": "ANPAZQVBFPAIJU35OTYBZ",
            "tags": null
          },
          "sensitive_attributes": [],
          "private": "bnVsbA==",
          "dependencies": [
            "aws_dynamodb_table.chat-dynamodb-table",
            "aws_dynamodb_table.user-dynamodb-table",
            "aws_s3_bucket.bucket"
          ]
        }
      ]
    },
    {
      "mode": "managed",
      "type": "aws_iam_role",
      "name": "function_role",
      "provider": "provider[\"registry.terraform.io/hashicorp/aws\"]",
      "instances": [
        {
          "schema_version": 0,
          "attributes": {
            "arn": "arn:aws:iam::654246770704:role/function_role",
            "assume_role_policy": "{\"Version\":\"2012-10-17\",\"Statement\":[{\"Sid\":\"\",\"Effect\":\"Allow\",\"Principal\":{\"Service\":\"s3.amazonaws.com\"},\"Action\":\"sts:AssumeRole\"},{\"Sid\":\"\",\"Effect\":\"Allow\",\"Principal\":{\"Service\":\"lambda.amazonaws.com\"},\"Action\":\"sts:AssumeRole\"},{\"Sid\":\"\",\"Effect\":\"Allow\",\"Principal\":{\"Service\":\"dynamodb.amazonaws.com\"},\"Action\":\"sts:AssumeRole\"}]}",
            "create_date": "2021-04-29T22:08:18Z",
            "description": "",
            "force_detach_policies": false,
            "id": "function_role",
            "inline_policy": [
              {
                "name": "",
                "policy": ""
              }
            ],
            "managed_policy_arns": [],
            "max_session_duration": 3600,
            "name": "function_role",
            "name_prefix": null,
            "path": "/",
            "permissions_boundary": null,
            "tags": null,
            "unique_id": "AROAZQVBFPAIHRFOYBHS5"
          },
          "sensitive_attributes": [],
          "private": "bnVsbA=="
        }
      ]
    },
    {
      "mode": "managed",
      "type": "aws_iam_role_policy_attachment",
      "name": "function-attach",
      "provider": "provider[\"registry.terraform.io/hashicorp/aws\"]",
      "instances": [
        {
          "schema_version": 0,
          "attributes": {
            "id": "function_role-20210429220829417600000001",
            "policy_arn": "arn:aws:iam::654246770704:policy/s3_bucket_policy",
            "role": "function_role"
          },
          "sensitive_attributes": [],
          "private": "bnVsbA==",
          "dependencies": [
            "aws_dynamodb_table.chat-dynamodb-table",
            "aws_dynamodb_table.user-dynamodb-table",
            "aws_iam_policy.function_policy",
            "aws_iam_role.function_role",
            "aws_s3_bucket.bucket"
          ]
        }
      ]
    },
    {
      "mode": "managed",
      "type": "aws_s3_bucket",
      "name": "bucket",
      "provider": "provider[\"registry.terraform.io/hashicorp/aws\"]",
      "instances": [
        {
          "schema_version": 0,
          "attributes": {
            "acceleration_status": "",
            "acl": "private",
            "arn": "arn:aws:s3:::encrypted-file-bucket-z00001",
            "bucket": "encrypted-file-bucket-z00001",
            "bucket_domain_name": "encrypted-file-bucket-z00001.s3.amazonaws.com",
            "bucket_prefix": null,
            "bucket_regional_domain_name": "encrypted-file-bucket-z00001.s3.amazonaws.com",
            "cors_rule": [],
            "force_destroy": false,
            "grant": [],
            "hosted_zone_id": "Z3AQBSTGFYJSTF",
            "id": "encrypted-file-bucket-z00001",
            "lifecycle_rule": [],
            "logging": [],
            "object_lock_configuration": [],
            "policy": null,
            "region": "us-east-1",
            "replication_configuration": [],
            "request_payer": "BucketOwner",
            "server_side_encryption_configuration": [],
            "tags": {
              "Environment": "Dev",
              "Name": "Encrypted file bucket"
            },
            "versioning": [
              {
                "enabled": false,
                "mfa_delete": false
              }
            ],
            "website": [],
            "website_domain": null,
            "website_endpoint": null
          },
          "sensitive_attributes": []
        }
      ]
    },
    {
      "module": "module.create_identity",
      "mode": "managed",
      "type": "aws_api_gateway_integration",
      "name": "gateway_integration",
      "provider": "provider[\"registry.terraform.io/hashicorp/aws\"]",
      "instances": [
        {
          "schema_version": 0,
          "attributes": {
            "cache_key_parameters": null,
            "cache_namespace": "ljxxez",
            "connection_id": "",
            "connection_type": "INTERNET",
            "content_handling": "CONVERT_TO_TEXT",
            "credentials": "",
            "http_method": "POST",
            "id": "agi-au0c229cyc-ljxxez-POST",
            "integration_http_method": "POST",
            "passthrough_behavior": "WHEN_NO_MATCH",
            "request_parameters": null,
            "request_templates": null,
            "resource_id": "ljxxez",
            "rest_api_id": "au0c229cyc",
            "timeout_milliseconds": 29000,
            "tls_config": [],
            "type": "AWS_PROXY",
            "uri": "arn:aws:apigateway:us-east-1:lambda:path/2015-03-31/functions/arn:aws:lambda:us-east-1:654246770704:function:CreateIdentity/invocations"
          },
          "sensitive_attributes": [],
          "private": "bnVsbA==",
          "dependencies": [
            "aws_api_gateway_rest_api.chat_gateway",
            "aws_iam_role.function_role",
            "module.create_identity.aws_api_gateway_method.gateway_method",
            "module.create_identity.aws_api_gateway_resource.gateway_resource",
            "module.create_identity.aws_lambda_function.lambda_func"
          ]
        }
      ]
    },
    {
      "module": "module.create_identity",
      "mode": "managed",
      "type": "aws_api_gateway_method",
      "name": "gateway_method",
      "provider": "provider[\"registry.terraform.io/hashicorp/aws\"]",
      "instances": [
        {
          "schema_version": 0,
          "attributes": {
            "api_key_required": false,
            "authorization": "NONE",
            "authorization_scopes": null,
            "authorizer_id": null,
            "http_method": "POST",
            "id": "agm-au0c229cyc-ljxxez-POST",
            "operation_name": null,
            "request_models": null,
            "request_parameters": null,
            "request_validator_id": null,
            "resource_id": "ljxxez",
            "rest_api_id": "au0c229cyc"
          },
          "sensitive_attributes": [],
          "private": "bnVsbA==",
          "dependencies": [
            "aws_api_gateway_rest_api.chat_gateway",
            "module.create_identity.aws_api_gateway_resource.gateway_resource"
          ]
        }
      ]
    },
    {
      "module": "module.create_identity",
      "mode": "managed",
      "type": "aws_api_gateway_resource",
      "name": "gateway_resource",
      "provider": "provider[\"registry.terraform.io/hashicorp/aws\"]",
      "instances": [
        {
          "schema_version": 0,
          "attributes": {
            "id": "ljxxez",
            "parent_id": "piczhzrc94",
            "path": "/CreateIdentity",
            "path_part": "CreateIdentity",
            "rest_api_id": "au0c229cyc"
          },
          "sensitive_attributes": [],
          "private": "bnVsbA==",
          "dependencies": [
            "aws_api_gateway_rest_api.chat_gateway"
          ]
        }
      ]
    },
    {
      "module": "module.create_identity",
      "mode": "managed",
      "type": "aws_lambda_function",
      "name": "lambda_func",
      "provider": "provider[\"registry.terraform.io/hashicorp/aws\"]",
      "instances": [
        {
          "schema_version": 0,
          "attributes": {
            "arn": "arn:aws:lambda:us-east-1:654246770704:function:CreateIdentity",
            "code_signing_config_arn": "",
            "dead_letter_config": [],
            "description": "CreateIdentity",
            "environment": [],
            "file_system_config": [],
            "filename": "../Functions/build/distributions/Functions-1.0-SNAPSHOT.zip",
            "function_name": "CreateIdentity",
            "handler": "me.jameshunt.privatechat.CreateIdentity::handleRequest",
            "id": "CreateIdentity",
            "image_config": [],
            "image_uri": "",
            "invoke_arn": "arn:aws:apigateway:us-east-1:lambda:path/2015-03-31/functions/arn:aws:lambda:us-east-1:654246770704:function:CreateIdentity/invocations",
            "kms_key_arn": "",
            "last_modified": "2021-04-29T22:08:46.779+0000",
            "layers": null,
            "memory_size": 512,
            "package_type": "Zip",
            "publish": false,
            "qualified_arn": "arn:aws:lambda:us-east-1:654246770704:function:CreateIdentity:$LATEST",
            "reserved_concurrent_executions": -1,
            "role": "arn:aws:iam::654246770704:role/function_role",
            "runtime": "java8",
            "s3_bucket": null,
            "s3_key": null,
            "s3_object_version": null,
            "signing_job_arn": "",
            "signing_profile_version_arn": "",
            "source_code_hash": "sicBG2FVxAZ7RmFSj4HwDD7GEI4i4Bx3CY1W5RM4sSE=",
            "source_code_size": 11730731,
            "tags": null,
            "timeout": 30,
            "timeouts": null,
            "tracing_config": [
              {
                "mode": "PassThrough"
              }
            ],
            "version": "$LATEST",
            "vpc_config": []
          },
          "sensitive_attributes": [],
          "private": "eyJlMmJmYjczMC1lY2FhLTExZTYtOGY4OC0zNDM2M2JjN2M0YzAiOnsiY3JlYXRlIjo2MDAwMDAwMDAwMDB9fQ==",
          "dependencies": [
            "aws_iam_role.function_role"
          ]
        }
      ]
    },
    {
      "module": "module.create_identity",
      "mode": "managed",
      "type": "aws_lambda_permission",
      "name": "gw_permission",
      "provider": "provider[\"registry.terraform.io/hashicorp/aws\"]",
      "instances": [
        {
          "schema_version": 0,
          "attributes": {
            "action": "lambda:InvokeFunction",
            "event_source_token": null,
            "function_name": "CreateIdentity",
            "id": "AllowAPIGatewayInvoke",
            "principal": "apigateway.amazonaws.com",
            "qualifier": "",
            "source_account": null,
            "source_arn": "arn:aws:execute-api:us-east-1:654246770704:au0c229cyc/*/*",
            "statement_id": "AllowAPIGatewayInvoke",
            "statement_id_prefix": null
          },
          "sensitive_attributes": [],
          "private": "bnVsbA==",
          "dependencies": [
            "aws_api_gateway_rest_api.chat_gateway",
            "aws_iam_role.function_role",
            "module.create_identity.aws_lambda_function.lambda_func"
          ]
        }
      ]
    },
    {
      "module": "module.get_file",
      "mode": "managed",
      "type": "aws_api_gateway_integration",
      "name": "gateway_integration",
      "provider": "provider[\"registry.terraform.io/hashicorp/aws\"]",
      "instances": [
        {
          "schema_version": 0,
          "attributes": {
            "cache_key_parameters": null,
            "cache_namespace": "4qut7n",
            "connection_id": "",
            "connection_type": "INTERNET",
            "content_handling": "CONVERT_TO_BINARY",
            "credentials": "",
            "http_method": "GET",
            "id": "agi-au0c229cyc-4qut7n-GET",
            "integration_http_method": "POST",
            "passthrough_behavior": "WHEN_NO_MATCH",
            "request_parameters": null,
            "request_templates": null,
            "resource_id": "4qut7n",
            "rest_api_id": "au0c229cyc",
            "timeout_milliseconds": 29000,
            "tls_config": [],
            "type": "AWS_PROXY",
            "uri": "arn:aws:apigateway:us-east-1:lambda:path/2015-03-31/functions/arn:aws:lambda:us-east-1:654246770704:function:GetFile/invocations"
          },
          "sensitive_attributes": [],
          "private": "bnVsbA==",
          "dependencies": [
            "aws_api_gateway_rest_api.chat_gateway",
            "aws_iam_role.function_role",
            "module.get_file.aws_api_gateway_method.gateway_method",
            "module.get_file.aws_api_gateway_resource.gateway_resource",
            "module.get_file.aws_lambda_function.lambda_func"
          ]
        }
      ]
    },
    {
      "module": "module.get_file",
      "mode": "managed",
      "type": "aws_api_gateway_method",
      "name": "gateway_method",
      "provider": "provider[\"registry.terraform.io/hashicorp/aws\"]",
      "instances": [
        {
          "schema_version": 0,
          "attributes": {
            "api_key_required": false,
            "authorization": "NONE",
            "authorization_scopes": null,
            "authorizer_id": null,
            "http_method": "GET",
            "id": "agm-au0c229cyc-4qut7n-GET",
            "operation_name": null,
            "request_models": null,
            "request_parameters": null,
            "request_validator_id": null,
            "resource_id": "4qut7n",
            "rest_api_id": "au0c229cyc"
          },
          "sensitive_attributes": [],
          "private": "bnVsbA==",
          "dependencies": [
            "aws_api_gateway_rest_api.chat_gateway",
            "module.get_file.aws_api_gateway_resource.gateway_resource"
          ]
        }
      ]
    },
    {
      "module": "module.get_file",
      "mode": "managed",
      "type": "aws_api_gateway_resource",
      "name": "gateway_resource",
      "provider": "provider[\"registry.terraform.io/hashicorp/aws\"]",
      "instances": [
        {
          "schema_version": 0,
          "attributes": {
            "id": "4qut7n",
            "parent_id": "piczhzrc94",
            "path": "/GetFile",
            "path_part": "GetFile",
            "rest_api_id": "au0c229cyc"
          },
          "sensitive_attributes": [],
          "private": "bnVsbA==",
          "dependencies": [
            "aws_api_gateway_rest_api.chat_gateway"
          ]
        }
      ]
    },
    {
      "module": "module.get_file",
      "mode": "managed",
      "type": "aws_lambda_function",
      "name": "lambda_func",
      "provider": "provider[\"registry.terraform.io/hashicorp/aws\"]",
      "instances": [
        {
          "schema_version": 0,
          "attributes": {
            "arn": "arn:aws:lambda:us-east-1:654246770704:function:GetFile",
            "code_signing_config_arn": "",
            "dead_letter_config": [],
            "description": "GetFile",
            "environment": [],
            "file_system_config": [],
            "filename": "../Functions/build/distributions/Functions-1.0-SNAPSHOT.zip",
            "function_name": "GetFile",
            "handler": "me.jameshunt.privatechat.GetFile::handleRequest",
            "id": "GetFile",
            "image_config": [],
            "image_uri": "",
            "invoke_arn": "arn:aws:apigateway:us-east-1:lambda:path/2015-03-31/functions/arn:aws:lambda:us-east-1:654246770704:function:GetFile/invocations",
            "kms_key_arn": "",
            "last_modified": "2021-04-29T22:09:40.964+0000",
            "layers": null,
            "memory_size": 512,
            "package_type": "Zip",
            "publish": false,
            "qualified_arn": "arn:aws:lambda:us-east-1:654246770704:function:GetFile:$LATEST",
            "reserved_concurrent_executions": -1,
            "role": "arn:aws:iam::654246770704:role/function_role",
            "runtime": "java8",
            "s3_bucket": null,
            "s3_key": null,
            "s3_object_version": null,
            "signing_job_arn": "",
            "signing_profile_version_arn": "",
            "source_code_hash": "sicBG2FVxAZ7RmFSj4HwDD7GEI4i4Bx3CY1W5RM4sSE=",
            "source_code_size": 11730731,
            "tags": null,
            "timeout": 30,
            "timeouts": null,
            "tracing_config": [
              {
                "mode": "PassThrough"
              }
            ],
            "version": "$LATEST",
            "vpc_config": []
          },
          "sensitive_attributes": [],
          "private": "eyJlMmJmYjczMC1lY2FhLTExZTYtOGY4OC0zNDM2M2JjN2M0YzAiOnsiY3JlYXRlIjo2MDAwMDAwMDAwMDB9fQ==",
          "dependencies": [
            "aws_iam_role.function_role"
          ]
        }
      ]
    },
    {
      "module": "module.get_file",
      "mode": "managed",
      "type": "aws_lambda_permission",
      "name": "gw_permission",
      "provider": "provider[\"registry.terraform.io/hashicorp/aws\"]",
      "instances": [
        {
          "schema_version": 0,
          "attributes": {
            "action": "lambda:InvokeFunction",
            "event_source_token": null,
            "function_name": "GetFile",
            "id": "AllowAPIGatewayInvoke",
            "principal": "apigateway.amazonaws.com",
            "qualifier": "",
            "source_account": null,
            "source_arn": "arn:aws:execute-api:us-east-1:654246770704:au0c229cyc/*/*",
            "statement_id": "AllowAPIGatewayInvoke",
            "statement_id_prefix": null
          },
          "sensitive_attributes": [],
          "private": "bnVsbA==",
          "dependencies": [
            "aws_api_gateway_rest_api.chat_gateway",
            "aws_iam_role.function_role",
            "module.get_file.aws_lambda_function.lambda_func"
          ]
        }
      ]
    },
    {
      "module": "module.get_messages",
      "mode": "managed",
      "type": "aws_api_gateway_integration",
      "name": "gateway_integration",
      "provider": "provider[\"registry.terraform.io/hashicorp/aws\"]",
      "instances": [
        {
          "schema_version": 0,
          "attributes": {
            "cache_key_parameters": null,
            "cache_namespace": "beziwd",
            "connection_id": "",
            "connection_type": "INTERNET",
            "content_handling": "CONVERT_TO_TEXT",
            "credentials": "",
            "http_method": "GET",
            "id": "agi-au0c229cyc-beziwd-GET",
            "integration_http_method": "POST",
            "passthrough_behavior": "WHEN_NO_MATCH",
            "request_parameters": null,
            "request_templates": null,
            "resource_id": "beziwd",
            "rest_api_id": "au0c229cyc",
            "timeout_milliseconds": 29000,
            "tls_config": [],
            "type": "AWS_PROXY",
            "uri": "arn:aws:apigateway:us-east-1:lambda:path/2015-03-31/functions/arn:aws:lambda:us-east-1:654246770704:function:GetMessages/invocations"
          },
          "sensitive_attributes": [],
          "private": "bnVsbA==",
          "dependencies": [
            "aws_api_gateway_rest_api.chat_gateway",
            "aws_iam_role.function_role",
            "module.get_messages.aws_api_gateway_method.gateway_method",
            "module.get_messages.aws_api_gateway_resource.gateway_resource",
            "module.get_messages.aws_lambda_function.lambda_func"
          ]
        }
      ]
    },
    {
      "module": "module.get_messages",
      "mode": "managed",
      "type": "aws_api_gateway_method",
      "name": "gateway_method",
      "provider": "provider[\"registry.terraform.io/hashicorp/aws\"]",
      "instances": [
        {
          "schema_version": 0,
          "attributes": {
            "api_key_required": false,
            "authorization": "NONE",
            "authorization_scopes": null,
            "authorizer_id": null,
            "http_method": "GET",
            "id": "agm-au0c229cyc-beziwd-GET",
            "operation_name": null,
            "request_models": null,
            "request_parameters": null,
            "request_validator_id": null,
            "resource_id": "beziwd",
            "rest_api_id": "au0c229cyc"
          },
          "sensitive_attributes": [],
          "private": "bnVsbA==",
          "dependencies": [
            "aws_api_gateway_rest_api.chat_gateway",
            "module.get_messages.aws_api_gateway_resource.gateway_resource"
          ]
        }
      ]
    },
    {
      "module": "module.get_messages",
      "mode": "managed",
      "type": "aws_api_gateway_resource",
      "name": "gateway_resource",
      "provider": "provider[\"registry.terraform.io/hashicorp/aws\"]",
      "instances": [
        {
          "schema_version": 0,
          "attributes": {
            "id": "beziwd",
            "parent_id": "piczhzrc94",
            "path": "/GetMessages",
            "path_part": "GetMessages",
            "rest_api_id": "au0c229cyc"
          },
          "sensitive_attributes": [],
          "private": "bnVsbA==",
          "dependencies": [
            "aws_api_gateway_rest_api.chat_gateway"
          ]
        }
      ]
    },
    {
      "module": "module.get_messages",
      "mode": "managed",
      "type": "aws_lambda_function",
      "name": "lambda_func",
      "provider": "provider[\"registry.terraform.io/hashicorp/aws\"]",
      "instances": [
        {
          "schema_version": 0,
          "attributes": {
            "arn": "arn:aws:lambda:us-east-1:654246770704:function:GetMessages",
            "code_signing_config_arn": "",
            "dead_letter_config": [],
            "description": "GetMessages",
            "environment": [],
            "file_system_config": [],
            "filename": "../Functions/build/distributions/Functions-1.0-SNAPSHOT.zip",
            "function_name": "GetMessages",
            "handler": "me.jameshunt.privatechat.GetMessages::handleRequest",
            "id": "GetMessages",
            "image_config": [],
            "image_uri": "",
            "invoke_arn": "arn:aws:apigateway:us-east-1:lambda:path/2015-03-31/functions/arn:aws:lambda:us-east-1:654246770704:function:GetMessages/invocations",
            "kms_key_arn": "",
            "last_modified": "2021-04-29T22:09:53.570+0000",
            "layers": null,
            "memory_size": 512,
            "package_type": "Zip",
            "publish": false,
            "qualified_arn": "arn:aws:lambda:us-east-1:654246770704:function:GetMessages:$LATEST",
            "reserved_concurrent_executions": -1,
            "role": "arn:aws:iam::654246770704:role/function_role",
            "runtime": "java8",
            "s3_bucket": null,
            "s3_key": null,
            "s3_object_version": null,
            "signing_job_arn": "",
            "signing_profile_version_arn": "",
            "source_code_hash": "sicBG2FVxAZ7RmFSj4HwDD7GEI4i4Bx3CY1W5RM4sSE=",
            "source_code_size": 11730731,
            "tags": null,
            "timeout": 30,
            "timeouts": null,
            "tracing_config": [
              {
                "mode": "PassThrough"
              }
            ],
            "version": "$LATEST",
            "vpc_config": []
          },
          "sensitive_attributes": [],
          "private": "eyJlMmJmYjczMC1lY2FhLTExZTYtOGY4OC0zNDM2M2JjN2M0YzAiOnsiY3JlYXRlIjo2MDAwMDAwMDAwMDB9fQ==",
          "dependencies": [
            "aws_iam_role.function_role"
          ]
        }
      ]
    },
    {
      "module": "module.get_messages",
      "mode": "managed",
      "type": "aws_lambda_permission",
      "name": "gw_permission",
      "provider": "provider[\"registry.terraform.io/hashicorp/aws\"]",
      "instances": [
        {
          "schema_version": 0,
          "attributes": {
            "action": "lambda:InvokeFunction",
            "event_source_token": null,
            "function_name": "GetMessages",
            "id": "AllowAPIGatewayInvoke",
            "principal": "apigateway.amazonaws.com",
            "qualifier": "",
            "source_account": null,
            "source_arn": "arn:aws:execute-api:us-east-1:654246770704:au0c229cyc/*/*",
            "statement_id": "AllowAPIGatewayInvoke",
            "statement_id_prefix": null
          },
          "sensitive_attributes": [],
          "private": "bnVsbA==",
          "dependencies": [
            "aws_api_gateway_rest_api.chat_gateway",
            "aws_iam_role.function_role",
            "module.get_messages.aws_lambda_function.lambda_func"
          ]
        }
      ]
    },
    {
      "module": "module.get_user_public_key",
      "mode": "managed",
      "type": "aws_api_gateway_integration",
      "name": "gateway_integration",
      "provider": "provider[\"registry.terraform.io/hashicorp/aws\"]",
      "instances": [
        {
          "schema_version": 0,
          "attributes": {
            "cache_key_parameters": null,
            "cache_namespace": "alvsds",
            "connection_id": "",
            "connection_type": "INTERNET",
            "content_handling": "CONVERT_TO_TEXT",
            "credentials": "",
            "http_method": "GET",
            "id": "agi-au0c229cyc-alvsds-GET",
            "integration_http_method": "POST",
            "passthrough_behavior": "WHEN_NO_MATCH",
            "request_parameters": null,
            "request_templates": null,
            "resource_id": "alvsds",
            "rest_api_id": "au0c229cyc",
            "timeout_milliseconds": 29000,
            "tls_config": [],
            "type": "AWS_PROXY",
            "uri": "arn:aws:apigateway:us-east-1:lambda:path/2015-03-31/functions/arn:aws:lambda:us-east-1:654246770704:function:GetUserPublicKey/invocations"
          },
          "sensitive_attributes": [],
          "private": "bnVsbA==",
          "dependencies": [
            "aws_api_gateway_rest_api.chat_gateway",
            "aws_iam_role.function_role",
            "module.get_user_public_key.aws_api_gateway_method.gateway_method",
            "module.get_user_public_key.aws_api_gateway_resource.gateway_resource",
            "module.get_user_public_key.aws_lambda_function.lambda_func"
          ]
        }
      ]
    },
    {
      "module": "module.get_user_public_key",
      "mode": "managed",
      "type": "aws_api_gateway_method",
      "name": "gateway_method",
      "provider": "provider[\"registry.terraform.io/hashicorp/aws\"]",
      "instances": [
        {
          "schema_version": 0,
          "attributes": {
            "api_key_required": false,
            "authorization": "NONE",
            "authorization_scopes": null,
            "authorizer_id": null,
            "http_method": "GET",
            "id": "agm-au0c229cyc-alvsds-GET",
            "operation_name": null,
            "request_models": null,
            "request_parameters": null,
            "request_validator_id": null,
            "resource_id": "alvsds",
            "rest_api_id": "au0c229cyc"
          },
          "sensitive_attributes": [],
          "private": "bnVsbA==",
          "dependencies": [
            "aws_api_gateway_rest_api.chat_gateway",
            "module.get_user_public_key.aws_api_gateway_resource.gateway_resource"
          ]
        }
      ]
    },
    {
      "module": "module.get_user_public_key",
      "mode": "managed",
      "type": "aws_api_gateway_resource",
      "name": "gateway_resource",
      "provider": "provider[\"registry.terraform.io/hashicorp/aws\"]",
      "instances": [
        {
          "schema_version": 0,
          "attributes": {
            "id": "alvsds",
            "parent_id": "piczhzrc94",
            "path": "/GetUserPublicKey",
            "path_part": "GetUserPublicKey",
            "rest_api_id": "au0c229cyc"
          },
          "sensitive_attributes": [],
          "private": "bnVsbA==",
          "dependencies": [
            "aws_api_gateway_rest_api.chat_gateway"
          ]
        }
      ]
    },
    {
      "module": "module.get_user_public_key",
      "mode": "managed",
      "type": "aws_lambda_function",
      "name": "lambda_func",
      "provider": "provider[\"registry.terraform.io/hashicorp/aws\"]",
      "instances": [
        {
          "schema_version": 0,
          "attributes": {
            "arn": "arn:aws:lambda:us-east-1:654246770704:function:GetUserPublicKey",
            "code_signing_config_arn": "",
            "dead_letter_config": [],
            "description": "GetUserPublicKey",
            "environment": [],
            "file_system_config": [],
            "filename": "../Functions/build/distributions/Functions-1.0-SNAPSHOT.zip",
            "function_name": "GetUserPublicKey",
            "handler": "me.jameshunt.privatechat.GetUserPublicKey::handleRequest",
            "id": "GetUserPublicKey",
            "image_config": [],
            "image_uri": "",
            "invoke_arn": "arn:aws:apigateway:us-east-1:lambda:path/2015-03-31/functions/arn:aws:lambda:us-east-1:654246770704:function:GetUserPublicKey/invocations",
            "kms_key_arn": "",
            "last_modified": "2021-04-29T22:08:59.469+0000",
            "layers": null,
            "memory_size": 512,
            "package_type": "Zip",
            "publish": false,
            "qualified_arn": "arn:aws:lambda:us-east-1:654246770704:function:GetUserPublicKey:$LATEST",
            "reserved_concurrent_executions": -1,
            "role": "arn:aws:iam::654246770704:role/function_role",
            "runtime": "java8",
            "s3_bucket": null,
            "s3_key": null,
            "s3_object_version": null,
            "signing_job_arn": "",
            "signing_profile_version_arn": "",
            "source_code_hash": "sicBG2FVxAZ7RmFSj4HwDD7GEI4i4Bx3CY1W5RM4sSE=",
            "source_code_size": 11730731,
            "tags": null,
            "timeout": 30,
            "timeouts": null,
            "tracing_config": [
              {
                "mode": "PassThrough"
              }
            ],
            "version": "$LATEST",
            "vpc_config": []
          },
          "sensitive_attributes": [],
          "private": "eyJlMmJmYjczMC1lY2FhLTExZTYtOGY4OC0zNDM2M2JjN2M0YzAiOnsiY3JlYXRlIjo2MDAwMDAwMDAwMDB9fQ==",
          "dependencies": [
            "aws_iam_role.function_role"
          ]
        }
      ]
    },
    {
      "module": "module.get_user_public_key",
      "mode": "managed",
      "type": "aws_lambda_permission",
      "name": "gw_permission",
      "provider": "provider[\"registry.terraform.io/hashicorp/aws\"]",
      "instances": [
        {
          "schema_version": 0,
          "attributes": {
            "action": "lambda:InvokeFunction",
            "event_source_token": null,
            "function_name": "GetUserPublicKey",
            "id": "AllowAPIGatewayInvoke",
            "principal": "apigateway.amazonaws.com",
            "qualifier": "",
            "source_account": null,
            "source_arn": "arn:aws:execute-api:us-east-1:654246770704:au0c229cyc/*/*",
            "statement_id": "AllowAPIGatewayInvoke",
            "statement_id_prefix": null
          },
          "sensitive_attributes": [],
          "private": "bnVsbA==",
          "dependencies": [
            "aws_api_gateway_rest_api.chat_gateway",
            "aws_iam_role.function_role",
            "module.get_user_public_key.aws_lambda_function.lambda_func"
          ]
        }
      ]
    },
    {
      "module": "module.get_user_relationships",
      "mode": "managed",
      "type": "aws_api_gateway_integration",
      "name": "gateway_integration",
      "provider": "provider[\"registry.terraform.io/hashicorp/aws\"]",
      "instances": [
        {
          "schema_version": 0,
          "attributes": {
            "cache_key_parameters": null,
            "cache_namespace": "5icaa1",
            "connection_id": "",
            "connection_type": "INTERNET",
            "content_handling": "CONVERT_TO_TEXT",
            "credentials": "",
            "http_method": "GET",
            "id": "agi-au0c229cyc-5icaa1-GET",
            "integration_http_method": "POST",
            "passthrough_behavior": "WHEN_NO_MATCH",
            "request_parameters": null,
            "request_templates": null,
            "resource_id": "5icaa1",
            "rest_api_id": "au0c229cyc",
            "timeout_milliseconds": 29000,
            "tls_config": [],
            "type": "AWS_PROXY",
            "uri": "arn:aws:apigateway:us-east-1:lambda:path/2015-03-31/functions/arn:aws:lambda:us-east-1:654246770704:function:GetUserRelationships/invocations"
          },
          "sensitive_attributes": [],
          "private": "bnVsbA==",
          "dependencies": [
            "aws_api_gateway_rest_api.chat_gateway",
            "aws_iam_role.function_role",
            "module.get_user_relationships.aws_api_gateway_method.gateway_method",
            "module.get_user_relationships.aws_api_gateway_resource.gateway_resource",
            "module.get_user_relationships.aws_lambda_function.lambda_func"
          ]
        }
      ]
    },
    {
      "module": "module.get_user_relationships",
      "mode": "managed",
      "type": "aws_api_gateway_method",
      "name": "gateway_method",
      "provider": "provider[\"registry.terraform.io/hashicorp/aws\"]",
      "instances": [
        {
          "schema_version": 0,
          "attributes": {
            "api_key_required": false,
            "authorization": "NONE",
            "authorization_scopes": null,
            "authorizer_id": null,
            "http_method": "GET",
            "id": "agm-au0c229cyc-5icaa1-GET",
            "operation_name": null,
            "request_models": null,
            "request_parameters": null,
            "request_validator_id": null,
            "resource_id": "5icaa1",
            "rest_api_id": "au0c229cyc"
          },
          "sensitive_attributes": [],
          "private": "bnVsbA==",
          "dependencies": [
            "aws_api_gateway_rest_api.chat_gateway",
            "module.get_user_relationships.aws_api_gateway_resource.gateway_resource"
          ]
        }
      ]
    },
    {
      "module": "module.get_user_relationships",
      "mode": "managed",
      "type": "aws_api_gateway_resource",
      "name": "gateway_resource",
      "provider": "provider[\"registry.terraform.io/hashicorp/aws\"]",
      "instances": [
        {
          "schema_version": 0,
          "attributes": {
            "id": "5icaa1",
            "parent_id": "piczhzrc94",
            "path": "/GetUserRelationships",
            "path_part": "GetUserRelationships",
            "rest_api_id": "au0c229cyc"
          },
          "sensitive_attributes": [],
          "private": "bnVsbA==",
          "dependencies": [
            "aws_api_gateway_rest_api.chat_gateway"
          ]
        }
      ]
    },
    {
      "module": "module.get_user_relationships",
      "mode": "managed",
      "type": "aws_lambda_function",
      "name": "lambda_func",
      "provider": "provider[\"registry.terraform.io/hashicorp/aws\"]",
      "instances": [
        {
          "schema_version": 0,
          "attributes": {
            "arn": "arn:aws:lambda:us-east-1:654246770704:function:GetUserRelationships",
            "code_signing_config_arn": "",
            "dead_letter_config": [],
            "description": "GetUserRelationships",
            "environment": [],
            "file_system_config": [],
            "filename": "../Functions/build/distributions/Functions-1.0-SNAPSHOT.zip",
            "function_name": "GetUserRelationships",
            "handler": "me.jameshunt.privatechat.GetUserRelationships::handleRequest",
            "id": "GetUserRelationships",
            "image_config": [],
            "image_uri": "",
            "invoke_arn": "arn:aws:apigateway:us-east-1:lambda:path/2015-03-31/functions/arn:aws:lambda:us-east-1:654246770704:function:GetUserRelationships/invocations",
            "kms_key_arn": "",
            "last_modified": "2021-04-29T22:08:33.041+0000",
            "layers": null,
            "memory_size": 512,
            "package_type": "Zip",
            "publish": false,
            "qualified_arn": "arn:aws:lambda:us-east-1:654246770704:function:GetUserRelationships:$LATEST",
            "reserved_concurrent_executions": -1,
            "role": "arn:aws:iam::654246770704:role/function_role",
            "runtime": "java8",
            "s3_bucket": null,
            "s3_key": null,
            "s3_object_version": null,
            "signing_job_arn": "",
            "signing_profile_version_arn": "",
            "source_code_hash": "sicBG2FVxAZ7RmFSj4HwDD7GEI4i4Bx3CY1W5RM4sSE=",
            "source_code_size": 11730731,
            "tags": null,
            "timeout": 30,
            "timeouts": null,
            "tracing_config": [
              {
                "mode": "PassThrough"
              }
            ],
            "version": "$LATEST",
            "vpc_config": []
          },
          "sensitive_attributes": [],
          "private": "eyJlMmJmYjczMC1lY2FhLTExZTYtOGY4OC0zNDM2M2JjN2M0YzAiOnsiY3JlYXRlIjo2MDAwMDAwMDAwMDB9fQ==",
          "dependencies": [
            "aws_iam_role.function_role"
          ]
        }
      ]
    },
    {
      "module": "module.get_user_relationships",
      "mode": "managed",
      "type": "aws_lambda_permission",
      "name": "gw_permission",
      "provider": "provider[\"registry.terraform.io/hashicorp/aws\"]",
      "instances": [
        {
          "schema_version": 0,
          "attributes": {
            "action": "lambda:InvokeFunction",
            "event_source_token": null,
            "function_name": "GetUserRelationships",
            "id": "AllowAPIGatewayInvoke",
            "principal": "apigateway.amazonaws.com",
            "qualifier": "",
            "source_account": null,
            "source_arn": "arn:aws:execute-api:us-east-1:654246770704:au0c229cyc/*/*",
            "statement_id": "AllowAPIGatewayInvoke",
            "statement_id_prefix": null
          },
          "sensitive_attributes": [],
          "private": "bnVsbA==",
          "dependencies": [
            "aws_api_gateway_rest_api.chat_gateway",
            "aws_iam_role.function_role",
            "module.get_user_relationships.aws_lambda_function.lambda_func"
          ]
        }
      ]
    },
    {
      "module": "module.scan_qr",
      "mode": "managed",
      "type": "aws_api_gateway_integration",
      "name": "gateway_integration",
      "provider": "provider[\"registry.terraform.io/hashicorp/aws\"]",
      "instances": [
        {
          "schema_version": 0,
          "attributes": {
            "cache_key_parameters": null,
            "cache_namespace": "v5tukf",
            "connection_id": "",
            "connection_type": "INTERNET",
            "content_handling": "CONVERT_TO_TEXT",
            "credentials": "",
            "http_method": "POST",
            "id": "agi-au0c229cyc-v5tukf-POST",
            "integration_http_method": "POST",
            "passthrough_behavior": "WHEN_NO_MATCH",
            "request_parameters": null,
            "request_templates": null,
            "resource_id": "v5tukf",
            "rest_api_id": "au0c229cyc",
            "timeout_milliseconds": 29000,
            "tls_config": [],
            "type": "AWS_PROXY",
            "uri": "arn:aws:apigateway:us-east-1:lambda:path/2015-03-31/functions/arn:aws:lambda:us-east-1:654246770704:function:ScanQR/invocations"
          },
          "sensitive_attributes": [],
          "private": "bnVsbA==",
          "dependencies": [
            "aws_api_gateway_rest_api.chat_gateway",
            "aws_iam_role.function_role",
            "module.scan_qr.aws_api_gateway_method.gateway_method",
            "module.scan_qr.aws_api_gateway_resource.gateway_resource",
            "module.scan_qr.aws_lambda_function.lambda_func"
          ]
        }
      ]
    },
    {
      "module": "module.scan_qr",
      "mode": "managed",
      "type": "aws_api_gateway_method",
      "name": "gateway_method",
      "provider": "provider[\"registry.terraform.io/hashicorp/aws\"]",
      "instances": [
        {
          "schema_version": 0,
          "attributes": {
            "api_key_required": false,
            "authorization": "NONE",
            "authorization_scopes": null,
            "authorizer_id": null,
            "http_method": "POST",
            "id": "agm-au0c229cyc-v5tukf-POST",
            "operation_name": null,
            "request_models": null,
            "request_parameters": null,
            "request_validator_id": null,
            "resource_id": "v5tukf",
            "rest_api_id": "au0c229cyc"
          },
          "sensitive_attributes": [],
          "private": "bnVsbA==",
          "dependencies": [
            "aws_api_gateway_rest_api.chat_gateway",
            "module.scan_qr.aws_api_gateway_resource.gateway_resource"
          ]
        }
      ]
    },
    {
      "module": "module.scan_qr",
      "mode": "managed",
      "type": "aws_api_gateway_resource",
      "name": "gateway_resource",
      "provider": "provider[\"registry.terraform.io/hashicorp/aws\"]",
      "instances": [
        {
          "schema_version": 0,
          "attributes": {
            "id": "v5tukf",
            "parent_id": "piczhzrc94",
            "path": "/ScanQR",
            "path_part": "ScanQR",
            "rest_api_id": "au0c229cyc"
          },
          "sensitive_attributes": [],
          "private": "bnVsbA==",
          "dependencies": [
            "aws_api_gateway_rest_api.chat_gateway"
          ]
        }
      ]
    },
    {
      "module": "module.scan_qr",
      "mode": "managed",
      "type": "aws_lambda_function",
      "name": "lambda_func",
      "provider": "provider[\"registry.terraform.io/hashicorp/aws\"]",
      "instances": [
        {
          "schema_version": 0,
          "attributes": {
            "arn": "arn:aws:lambda:us-east-1:654246770704:function:ScanQR",
            "code_signing_config_arn": "",
            "dead_letter_config": [],
            "description": "ScanQR",
            "environment": [],
            "file_system_config": [],
            "filename": "../Functions/build/distributions/Functions-1.0-SNAPSHOT.zip",
            "function_name": "ScanQR",
            "handler": "me.jameshunt.privatechat.ScanQR::handleRequest",
            "id": "ScanQR",
            "image_config": [],
            "image_uri": "",
            "invoke_arn": "arn:aws:apigateway:us-east-1:lambda:path/2015-03-31/functions/arn:aws:lambda:us-east-1:654246770704:function:ScanQR/invocations",
            "kms_key_arn": "",
            "last_modified": "2021-04-29T22:09:15.351+0000",
            "layers": null,
            "memory_size": 512,
            "package_type": "Zip",
            "publish": false,
            "qualified_arn": "arn:aws:lambda:us-east-1:654246770704:function:ScanQR:$LATEST",
            "reserved_concurrent_executions": -1,
            "role": "arn:aws:iam::654246770704:role/function_role",
            "runtime": "java8",
            "s3_bucket": null,
            "s3_key": null,
            "s3_object_version": null,
            "signing_job_arn": "",
            "signing_profile_version_arn": "",
            "source_code_hash": "sicBG2FVxAZ7RmFSj4HwDD7GEI4i4Bx3CY1W5RM4sSE=",
            "source_code_size": 11730731,
            "tags": null,
            "timeout": 30,
            "timeouts": null,
            "tracing_config": [
              {
                "mode": "PassThrough"
              }
            ],
            "version": "$LATEST",
            "vpc_config": []
          },
          "sensitive_attributes": [],
          "private": "eyJlMmJmYjczMC1lY2FhLTExZTYtOGY4OC0zNDM2M2JjN2M0YzAiOnsiY3JlYXRlIjo2MDAwMDAwMDAwMDB9fQ==",
          "dependencies": [
            "aws_iam_role.function_role"
          ]
        }
      ]
    },
    {
      "module": "module.scan_qr",
      "mode": "managed",
      "type": "aws_lambda_permission",
      "name": "gw_permission",
      "provider": "provider[\"registry.terraform.io/hashicorp/aws\"]",
      "instances": [
        {
          "schema_version": 0,
          "attributes": {
            "action": "lambda:InvokeFunction",
            "event_source_token": null,
            "function_name": "ScanQR",
            "id": "AllowAPIGatewayInvoke",
            "principal": "apigateway.amazonaws.com",
            "qualifier": "",
            "source_account": null,
            "source_arn": "arn:aws:execute-api:us-east-1:654246770704:au0c229cyc/*/*",
            "statement_id": "AllowAPIGatewayInvoke",
            "statement_id_prefix": null
          },
          "sensitive_attributes": [],
          "private": "bnVsbA==",
          "dependencies": [
            "aws_api_gateway_rest_api.chat_gateway",
            "aws_iam_role.function_role",
            "module.scan_qr.aws_lambda_function.lambda_func"
          ]
        }
      ]
    },
    {
      "module": "module.send_file",
      "mode": "managed",
      "type": "aws_api_gateway_integration",
      "name": "gateway_integration",
      "provider": "provider[\"registry.terraform.io/hashicorp/aws\"]",
      "instances": [
        {
          "schema_version": 0,
          "attributes": {
            "cache_key_parameters": null,
            "cache_namespace": "vtn9gp",
            "connection_id": "",
            "connection_type": "INTERNET",
            "content_handling": "CONVERT_TO_BINARY",
            "credentials": "",
            "http_method": "POST",
            "id": "agi-au0c229cyc-vtn9gp-POST",
            "integration_http_method": "POST",
            "passthrough_behavior": "WHEN_NO_MATCH",
            "request_parameters": null,
            "request_templates": null,
            "resource_id": "vtn9gp",
            "rest_api_id": "au0c229cyc",
            "timeout_milliseconds": 29000,
            "tls_config": [],
            "type": "AWS_PROXY",
            "uri": "arn:aws:apigateway:us-east-1:lambda:path/2015-03-31/functions/arn:aws:lambda:us-east-1:654246770704:function:SendFile/invocations"
          },
          "sensitive_attributes": [],
          "private": "bnVsbA==",
          "dependencies": [
            "aws_api_gateway_rest_api.chat_gateway",
            "aws_iam_role.function_role",
            "module.send_file.aws_api_gateway_method.gateway_method",
            "module.send_file.aws_api_gateway_resource.gateway_resource",
            "module.send_file.aws_lambda_function.lambda_func"
          ]
        }
      ]
    },
    {
      "module": "module.send_file",
      "mode": "managed",
      "type": "aws_api_gateway_method",
      "name": "gateway_method",
      "provider": "provider[\"registry.terraform.io/hashicorp/aws\"]",
      "instances": [
        {
          "schema_version": 0,
          "attributes": {
            "api_key_required": false,
            "authorization": "NONE",
            "authorization_scopes": null,
            "authorizer_id": null,
            "http_method": "POST",
            "id": "agm-au0c229cyc-vtn9gp-POST",
            "operation_name": null,
            "request_models": null,
            "request_parameters": null,
            "request_validator_id": null,
            "resource_id": "vtn9gp",
            "rest_api_id": "au0c229cyc"
          },
          "sensitive_attributes": [],
          "private": "bnVsbA==",
          "dependencies": [
            "aws_api_gateway_rest_api.chat_gateway",
            "module.send_file.aws_api_gateway_resource.gateway_resource"
          ]
        }
      ]
    },
    {
      "module": "module.send_file",
      "mode": "managed",
      "type": "aws_api_gateway_resource",
      "name": "gateway_resource",
      "provider": "provider[\"registry.terraform.io/hashicorp/aws\"]",
      "instances": [
        {
          "schema_version": 0,
          "attributes": {
            "id": "vtn9gp",
            "parent_id": "piczhzrc94",
            "path": "/SendFile",
            "path_part": "SendFile",
            "rest_api_id": "au0c229cyc"
          },
          "sensitive_attributes": [],
          "private": "bnVsbA==",
          "dependencies": [
            "aws_api_gateway_rest_api.chat_gateway"
          ]
        }
      ]
    },
    {
      "module": "module.send_file",
      "mode": "managed",
      "type": "aws_lambda_function",
      "name": "lambda_func",
      "provider": "provider[\"registry.terraform.io/hashicorp/aws\"]",
      "instances": [
        {
          "schema_version": 0,
          "attributes": {
            "arn": "arn:aws:lambda:us-east-1:654246770704:function:SendFile",
            "code_signing_config_arn": "",
            "dead_letter_config": [],
            "description": "SendFile",
            "environment": [],
            "file_system_config": [],
            "filename": "../Functions/build/distributions/Functions-1.0-SNAPSHOT.zip",
            "function_name": "SendFile",
            "handler": "me.jameshunt.privatechat.SendFile::handleRequest",
            "id": "SendFile",
            "image_config": [],
            "image_uri": "",
            "invoke_arn": "arn:aws:apigateway:us-east-1:lambda:path/2015-03-31/functions/arn:aws:lambda:us-east-1:654246770704:function:SendFile/invocations",
            "kms_key_arn": "",
            "last_modified": "2021-04-29T22:09:28.230+0000",
            "layers": null,
            "memory_size": 512,
            "package_type": "Zip",
            "publish": false,
            "qualified_arn": "arn:aws:lambda:us-east-1:654246770704:function:SendFile:$LATEST",
            "reserved_concurrent_executions": -1,
            "role": "arn:aws:iam::654246770704:role/function_role",
            "runtime": "java8",
            "s3_bucket": null,
            "s3_key": null,
            "s3_object_version": null,
            "signing_job_arn": "",
            "signing_profile_version_arn": "",
            "source_code_hash": "sicBG2FVxAZ7RmFSj4HwDD7GEI4i4Bx3CY1W5RM4sSE=",
            "source_code_size": 11730731,
            "tags": null,
            "timeout": 30,
            "timeouts": null,
            "tracing_config": [
              {
                "mode": "PassThrough"
              }
            ],
            "version": "$LATEST",
            "vpc_config": []
          },
          "sensitive_attributes": [],
          "private": "eyJlMmJmYjczMC1lY2FhLTExZTYtOGY4OC0zNDM2M2JjN2M0YzAiOnsiY3JlYXRlIjo2MDAwMDAwMDAwMDB9fQ==",
          "dependencies": [
            "aws_iam_role.function_role"
          ]
        }
      ]
    },
    {
      "module": "module.send_file",
      "mode": "managed",
      "type": "aws_lambda_permission",
      "name": "gw_permission",
      "provider": "provider[\"registry.terraform.io/hashicorp/aws\"]",
      "instances": [
        {
          "schema_version": 0,
          "attributes": {
            "action": "lambda:InvokeFunction",
            "event_source_token": null,
            "function_name": "SendFile",
            "id": "AllowAPIGatewayInvoke",
            "principal": "apigateway.amazonaws.com",
            "qualifier": "",
            "source_account": null,
            "source_arn": "arn:aws:execute-api:us-east-1:654246770704:au0c229cyc/*/*",
            "statement_id": "AllowAPIGatewayInvoke",
            "statement_id_prefix": null
          },
          "sensitive_attributes": [],
          "private": "bnVsbA==",
          "dependencies": [
            "aws_api_gateway_rest_api.chat_gateway",
            "aws_iam_role.function_role",
            "module.send_file.aws_lambda_function.lambda_func"
          ]
        }
      ]
    }
  ]
}
